<?xml version="1.0" encoding="utf-8"?>
<Project ToolsVersion="4.0" xmlns="http://schemas.microsoft.com/developer/msbuild/2003">
  <ItemGroup>
    <Filter Include="Quelldateien">
      <UniqueIdentifier>{4FC737F1-C7A5-4376-A066-2A32D752A2FF}</UniqueIdentifier>
      <Extensions>cpp;c;cc;cxx;c++;cppm;ixx;def;odl;idl;hpj;bat;asm;asmx</Extensions>
    </Filter>
    <Filter Include="Headerdateien">
      <UniqueIdentifier>{93995380-89BD-4b04-88EB-625FBE52EBFB}</UniqueIdentifier>
      <Extensions>h;hh;hpp;hxx;h++;hm;inl;inc;ipp;xsd</Extensions>
    </Filter>
    <Filter Include="Ressourcendateien">
      <UniqueIdentifier>{67DA6AB6-F800-4c08-8B7A-83BB121AAD01}</UniqueIdentifier>
      <Extensions>rc;ico;cur;bmp;dlg;rc2;rct;bin;rgs;gif;jpg;jpeg;jpe;resx;tiff;tif;png;wav;mfcribbon-ms</Extensions>
    </Filter>
    <Filter Include="Quelldateien\Main">
      <UniqueIdentifier>{227af83f-5c1d-484b-a189-ddafbedf5bb0}</UniqueIdentifier>
    </Filter>
    <Filter Include="Headerdateien\Zahlendarstellungen">
      <UniqueIdentifier>{4c528f82-81c8-46e1-9ae6-3ff0e57943cb}</UniqueIdentifier>
    </Filter>
    <Filter Include="Quelldateien\Zahlendarstellungen">
      <UniqueIdentifier>{d6b2233b-7afd-4ff0-98fd-98162765a6f9}</UniqueIdentifier>
    </Filter>
    <Filter Include="Quelldateien\Helper">
      <UniqueIdentifier>{9e74c135-3870-49bf-9ccd-8e507b40237f}</UniqueIdentifier>
    </Filter>
    <Filter Include="Quelldateien\Logmap">
      <UniqueIdentifier>{f0d69ea9-14f0-4a4c-98fa-ad516776502a}</UniqueIdentifier>
    </Filter>
    <Filter Include="Headerdateien\Helper">
      <UniqueIdentifier>{41e899ab-f6b7-43dd-be9f-bc82594557f7}</UniqueIdentifier>
    </Filter>
    <Filter Include="Headerdateien\Logmap">
      <UniqueIdentifier>{3b269204-0a22-4e99-a628-ad126896c1a7}</UniqueIdentifier>
    </Filter>
    <Filter Include="Headerdateien\Test">
      <UniqueIdentifier>{81c0abab-965e-42de-9559-a6b27eda6180}</UniqueIdentifier>
    </Filter>
    <Filter Include="Quelldateien\Test">
      <UniqueIdentifier>{1f0be80c-1842-4bbe-a364-9a81ab5d0dcd}</UniqueIdentifier>
    </Filter>
  </ItemGroup>
  <ItemGroup>
    <ClCompile Include="LogisticMap.cpp">
      <Filter>Quelldateien\Main</Filter>
    </ClCompile>
    <ClCompile Include="LogisticmapCalc.cpp">
      <Filter>Quelldateien\Logmap</Filter>
    </ClCompile>
    <ClCompile Include="Logisticmap_float.cpp">
      <Filter>Quelldateien\Logmap</Filter>
    </ClCompile>
    <ClCompile Include="Logisticmap_long_double.h">
      <Filter>Headerdateien\Logmap</Filter>
    </ClCompile>
    <ClCompile Include="Logisticmap_double.cpp">
      <Filter>Quelldateien\Logmap</Filter>
    </ClCompile>
    <ClCompile Include="Logisticmap_long_double.cpp">
      <Filter>Quelldateien\Logmap</Filter>
    </ClCompile>
    <ClCompile Include="CSV_data.cpp">
      <Filter>Quelldateien\Helper</Filter>
    </ClCompile>
    <ClCompile Include="ExperimentalDefault.cpp">
      <Filter>Quelldateien\Zahlendarstellungen</Filter>
    </ClCompile>
    <ClCompile Include="Default32squareroot.cpp">
      <Filter>Quelldateien\Zahlendarstellungen</Filter>
    </ClCompile>
    <ClCompile Include="Float16.cpp">
      <Filter>Quelldateien\Zahlendarstellungen</Filter>
    </ClCompile>
    <ClCompile Include="Float32.cpp">
      <Filter>Quelldateien\Zahlendarstellungen</Filter>
    </ClCompile>
    <ClCompile Include="Zahlendarstellung.cpp">
      <Filter>Quelldateien\Zahlendarstellungen</Filter>
    </ClCompile>
    <ClCompile Include="Zahlenverteilung.cpp">
      <Filter>Quelldateien\Zahlendarstellungen</Filter>
    </ClCompile>
    <ClCompile Include="Logisticmap_float32.cpp">
      <Filter>Quelldateien\Logmap</Filter>
    </ClCompile>
    <ClCompile Include="Logisticmap_Default32squareroot.cpp">
      <Filter>Quelldateien\Logmap</Filter>
    </ClCompile>
    <ClCompile Include="Default32squarerootOverlapping.cpp">
      <Filter>Quelldateien\Zahlendarstellungen</Filter>
    </ClCompile>
    <ClCompile Include="Sqrt_helper.cpp">
      <Filter>Quelldateien\Helper</Filter>
    </ClCompile>
    <ClCompile Include="Default32squareroot_test.cpp">
      <Filter>Quelldateien\Test</Filter>
    </ClCompile>
  </ItemGroup>
  <ItemGroup>
    <ClInclude Include="LogisticmapCalc.h">
      <Filter>Headerdateien\Logmap</Filter>
    </ClInclude>
    <ClInclude Include="Logisticmap_float.h">
      <Filter>Headerdateien\Logmap</Filter>
    </ClInclude>
    <ClInclude Include="Logisticmap_double.h">
      <Filter>Headerdateien\Logmap</Filter>
    </ClInclude>
    <ClInclude Include="CSV_data.h">
      <Filter>Headerdateien\Helper</Filter>
    </ClInclude>
    <ClInclude Include="ExperimentalDefault.h">
      <Filter>Headerdateien\Zahlendarstellungen</Filter>
    </ClInclude>
    <ClInclude Include="Default32squareroot.h">
      <Filter>Headerdateien\Zahlendarstellungen</Filter>
    </ClInclude>
    <ClInclude Include="Float16.h">
      <Filter>Headerdateien\Zahlendarstellungen</Filter>
    </ClInclude>
    <ClInclude Include="Float32.h">
      <Filter>Headerdateien\Zahlendarstellungen</Filter>
    </ClInclude>
    <ClInclude Include="Zahlendarstellung.h">
      <Filter>Headerdateien\Zahlendarstellungen</Filter>
    </ClInclude>
    <ClInclude Include="Zahlenverteilung.h">
      <Filter>Headerdateien\Zahlendarstellungen</Filter>
    </ClInclude>
    <ClInclude Include="Logisticmap_float32.h">
      <Filter>Headerdateien\Logmap</Filter>
    </ClInclude>
    <ClInclude Include="Logisticmap_Default32squareroot.h">
      <Filter>Headerdateien\Logmap</Filter>
    </ClInclude>
    <ClInclude Include="Default32squarerootOverlapping.h">
      <Filter>Headerdateien\Zahlendarstellungen</Filter>
    </ClInclude>
    <ClInclude Include="Sqrt_helper.h">
      <Filter>Headerdateien\Helper</Filter>
    </ClInclude>
    <ClInclude Include="Default32squareroot_test.h">
      <Filter>Headerdateien\Test</Filter>
    </ClInclude>
  </ItemGroup>
</Project>